
Microsoft Visual Studio Solution File, Format Version 12.00
# Visual Studio Version 17
VisualStudioVersion = 17.12.35707.178
MinimumVisualStudioVersion = 10.0.40219.1
Project("{FAE04EC0-301F-11D3-BF4B-00C04F79EFBC}") = "CSharp_Grundkurs_040325", "CSharp_Grundkurs_040325\CSharp_Grundkurs_040325.csproj", "{409706D3-770A-4215-AB34-FEDFB457B483}"
EndProject
Project("{FAE04EC0-301F-11D3-BF4B-00C04F79EFBC}") = "M002-Variablen", "M002-Variablen\M002-Variablen.csproj", "{53B88851-50C6-45DC-907B-6B7A9052A3FD}"
EndProject
Project("{FAE04EC0-301F-11D3-BF4B-00C04F79EFBC}") = "M003", "M003\M003.csproj", "{3BA0643E-EAA6-4959-8441-56CD595B9694}"
EndProject
Project("{FAE04EC0-301F-11D3-BF4B-00C04F79EFBC}") = "M004-Enums", "M004-Enums\M004-Enums.csproj", "{2482D5F2-39DD-449E-B5AF-334DE2B3EB26}"
EndProject
Global
	GlobalSection(SolutionConfigurationPlatforms) = preSolution
		Debug|Any CPU = Debug|Any CPU
		Release|Any CPU = Release|Any CPU
	EndGlobalSection
	GlobalSection(ProjectConfigurationPlatforms) = postSolution
		{409706D3-770A-4215-AB34-FEDFB457B483}.Debug|Any CPU.ActiveCfg = Debug|Any CPU
		{409706D3-770A-4215-AB34-FEDFB457B483}.Debug|Any CPU.Build.0 = Debug|Any CPU
		{409706D3-770A-4215-AB34-FEDFB457B483}.Release|Any CPU.ActiveCfg = Release|Any CPU
		{409706D3-770A-4215-AB34-FEDFB457B483}.Release|Any CPU.Build.0 = Release|Any CPU
		{53B88851-50C6-45DC-907B-6B7A9052A3FD}.Debug|Any CPU.ActiveCfg = Debug|Any CPU
		{53B88851-50C6-45DC-907B-6B7A9052A3FD}.Debug|Any CPU.Build.0 = Debug|Any CPU
		{53B88851-50C6-45DC-907B-6B7A9052A3FD}.Release|Any CPU.ActiveCfg = Release|Any CPU
		{53B88851-50C6-45DC-907B-6B7A9052A3FD}.Release|Any CPU.Build.0 = Release|Any CPU
		{3BA0643E-EAA6-4959-8441-56CD595B9694}.Debug|Any CPU.ActiveCfg = Debug|Any CPU
		{3BA0643E-EAA6-4959-8441-56CD595B9694}.Debug|Any CPU.Build.0 = Debug|Any CPU
		{3BA0643E-EAA6-4959-8441-56CD595B9694}.Release|Any CPU.ActiveCfg = Release|Any CPU
		{3BA0643E-EAA6-4959-8441-56CD595B9694}.Release|Any CPU.Build.0 = Release|Any CPU
		{2482D5F2-39DD-449E-B5AF-334DE2B3EB26}.Debug|Any CPU.ActiveCfg = Debug|Any CPU
		{2482D5F2-39DD-449E-B5AF-334DE2B3EB26}.Debug|Any CPU.Build.0 = Debug|Any CPU
		{2482D5F2-39DD-449E-B5AF-334DE2B3EB26}.Release|Any CPU.ActiveCfg = Release|Any CPU
		{2482D5F2-39DD-449E-B5AF-334DE2B3EB26}.Release|Any CPU.Build.0 = Release|Any CPU
	EndGlobalSection
	GlobalSection(SolutionProperties) = preSolution
		HideSolutionNode = FALSE
	EndGlobalSection
EndGlobal
